
Microsoft Visual Studio Solution File, Format Version 12.00
# Visual Studio Version 17
VisualStudioVersion = 17.12.35707.178 d17.12
MinimumVisualStudioVersion = 10.0.40219.1
Project("{FAE04EC0-301F-11D3-BF4B-00C04F79EFBC}") = "Core", "Core\Core.csproj", "{F2974EB2-8101-409D-8385-7F1099865321}"
EndProject
Project("{FAE04EC0-301F-11D3-BF4B-00C04F79EFBC}") = "Data", "Data\Data.csproj", "{9830EC0C-F406-4B4D-8952-89CE5146B53B}"
EndProject
Project("{FAE04EC0-301F-11D3-BF4B-00C04F79EFBC}") = "Business", "Business\Business.csproj", "{C64D239A-E567-4874-89B7-CFBC0A1CE44A}"
EndProject
Project("{FAE04EC0-301F-11D3-BF4B-00C04F79EFBC}") = "Presentation", "Presentation\Presentation.csproj", "{F1305E4B-D73C-4AB9-AB32-F271D49AF7FD}"
EndProject
Global
	GlobalSection(SolutionConfigurationPlatforms) = preSolution
		Debug|Any CPU = Debug|Any CPU
		Release|Any CPU = Release|Any CPU
	EndGlobalSection
	GlobalSection(ProjectConfigurationPlatforms) = postSolution
		{F2974EB2-8101-409D-8385-7F1099865321}.Debug|Any CPU.ActiveCfg = Debug|Any CPU
		{F2974EB2-8101-409D-8385-7F1099865321}.Debug|Any CPU.Build.0 = Debug|Any CPU
		{F2974EB2-8101-409D-8385-7F1099865321}.Release|Any CPU.ActiveCfg = Release|Any CPU
		{F2974EB2-8101-409D-8385-7F1099865321}.Release|Any CPU.Build.0 = Release|Any CPU
		{9830EC0C-F406-4B4D-8952-89CE5146B53B}.Debug|Any CPU.ActiveCfg = Debug|Any CPU
		{9830EC0C-F406-4B4D-8952-89CE5146B53B}.Debug|Any CPU.Build.0 = Debug|Any CPU
		{9830EC0C-F406-4B4D-8952-89CE5146B53B}.Release|Any CPU.ActiveCfg = Release|Any CPU
		{9830EC0C-F406-4B4D-8952-89CE5146B53B}.Release|Any CPU.Build.0 = Release|Any CPU
		{C64D239A-E567-4874-89B7-CFBC0A1CE44A}.Debug|Any CPU.ActiveCfg = Debug|Any CPU
		{C64D239A-E567-4874-89B7-CFBC0A1CE44A}.Debug|Any CPU.Build.0 = Debug|Any CPU
		{C64D239A-E567-4874-89B7-CFBC0A1CE44A}.Release|Any CPU.ActiveCfg = Release|Any CPU
		{C64D239A-E567-4874-89B7-CFBC0A1CE44A}.Release|Any CPU.Build.0 = Release|Any CPU
		{F1305E4B-D73C-4AB9-AB32-F271D49AF7FD}.Debug|Any CPU.ActiveCfg = Debug|Any CPU
		{F1305E4B-D73C-4AB9-AB32-F271D49AF7FD}.Debug|Any CPU.Build.0 = Debug|Any CPU
		{F1305E4B-D73C-4AB9-AB32-F271D49AF7FD}.Release|Any CPU.ActiveCfg = Release|Any CPU
		{F1305E4B-D73C-4AB9-AB32-F271D49AF7FD}.Release|Any CPU.Build.0 = Release|Any CPU
	EndGlobalSection
	GlobalSection(SolutionProperties) = preSolution
		HideSolutionNode = FALSE
	EndGlobalSection
EndGlobal
